
Microsoft Visual Studio Solution File, Format Version 12.00
# Visual Studio Version 17
VisualStudioVersion = 17.0.31919.166
MinimumVisualStudioVersion = 10.0.40219.1
Project("{FAE04EC0-301F-11D3-BF4B-00C04F79EFBC}") = "ShapeDetection", "ShapeDetection\ShapeDetection.csproj", "{8FEA14D7-992B-42D4-B429-7ED89D5CAAF3}"
EndProject
Global
	GlobalSection(SolutionConfigurationPlatforms) = preSolution
		Debug|Any CPU = Debug|Any CPU
		Debug|x64 = Debug|x64
		Release|Any CPU = Release|Any CPU
		Release|x64 = Release|x64
	EndGlobalSection
	GlobalSection(ProjectConfigurationPlatforms) = postSolution
		{8FEA14D7-992B-42D4-B429-7ED89D5CAAF3}.Debug|Any CPU.ActiveCfg = Debug|Any CPU
		{8FEA14D7-992B-42D4-B429-7ED89D5CAAF3}.Debug|Any CPU.Build.0 = Debug|Any CPU
		{8FEA14D7-992B-42D4-B429-7ED89D5CAAF3}.Debug|x64.ActiveCfg = Debug|x64
		{8FEA14D7-992B-42D4-B429-7ED89D5CAAF3}.Debug|x64.Build.0 = Debug|x64
		{8FEA14D7-992B-42D4-B429-7ED89D5CAAF3}.Release|Any CPU.ActiveCfg = Release|Any CPU
		{8FEA14D7-992B-42D4-B429-7ED89D5CAAF3}.Release|Any CPU.Build.0 = Release|Any CPU
		{8FEA14D7-992B-42D4-B429-7ED89D5CAAF3}.Release|x64.ActiveCfg = Release|x64
		{8FEA14D7-992B-42D4-B429-7ED89D5CAAF3}.Release|x64.Build.0 = Release|x64
	EndGlobalSection
	GlobalSection(SolutionProperties) = preSolution
		HideSolutionNode = FALSE
	EndGlobalSection
	GlobalSection(ExtensibilityGlobals) = postSolution
		SolutionGuid = {DBC0B150-615D-4EC9-8106-0F52FB794114}
	EndGlobalSection
EndGlobal
